
Microsoft Visual Studio Solution File, Format Version 12.00
# Visual Studio Version 17
VisualStudioVersion = 17.8.34322.80
MinimumVisualStudioVersion = 10.0.40219.1
Project("{9A19103F-16F7-4668-BE54-9A1E7A4F7556}") = "Survival", "Survival\Survival.csproj", "{D90EDE87-DE77-4576-B6D3-C03B86501E87}"
EndProject
Project("{9A19103F-16F7-4668-BE54-9A1E7A4F7556}") = "HxGLTF", "HxGLTF\HxGLTF.csproj", "{D4146EA6-F5D9-4A00-80C9-8D285198F41C}"
EndProject
Project("{FAE04EC0-301F-11D3-BF4B-00C04F79EFBC}") = "TestRender", "TestRender\TestRender.csproj", "{F66D9FB8-14C9-467D-B414-680462F58073}"
EndProject
Project("{FAE04EC0-301F-11D3-BF4B-00C04F79EFBC}") = "Pattemon", "Pattemon\Pattemon.csproj", "{EA2A4A44-CDDE-4CE9-B605-85BBAE4D61A8}"
EndProject
Project("{FAE04EC0-301F-11D3-BF4B-00C04F79EFBC}") = "InputLib", "InputLib\InputLib.csproj", "{868E6448-D5C3-463D-AC47-C7A69CAEA6F7}"
EndProject
Project("{FAE04EC0-301F-11D3-BF4B-00C04F79EFBC}") = "ChunkEditor", "ChunkEditor\ChunkEditor.csproj", "{CDA47A4B-EC67-41CC-BA64-37EF587BD65A}"
EndProject
Project("{FAE04EC0-301F-11D3-BF4B-00C04F79EFBC}") = "PatteLib", "PatteLib\PatteLib.csproj", "{63C0C816-F422-4613-ABA5-C8D6945ECE94}"
EndProject
Project("{FAE04EC0-301F-11D3-BF4B-00C04F79EFBC}") = "HxLocal", "HxLocal\HxLocal.csproj", "{99A62E0B-375E-4F60-9FAF-E78957050D71}"
EndProject
Project("{FAE04EC0-301F-11D3-BF4B-00C04F79EFBC}") = "ColourPaletteTry", "ColourPaletteTry\ColourPaletteTry.csproj", "{2388F3D8-3BF9-4EC6-8686-3FBCB6D140EC}"
EndProject
Project("{FAE04EC0-301F-11D3-BF4B-00C04F79EFBC}") = "HxCameraEditor", "HxCameraEditor\HxCameraEditor.csproj", "{42F4DD89-6D97-4C6B-892C-4459FEC3CBD6}"
EndProject
Project("{FAE04EC0-301F-11D3-BF4B-00C04F79EFBC}") = "BattleGround", "BattleGround\BattleGround.csproj", "{7C13B93F-BCDB-4291-A638-9AD1ECD77F1C}"
EndProject
Project("{FAE04EC0-301F-11D3-BF4B-00C04F79EFBC}") = "AudioMidi", "AudioMidi\AudioMidi.csproj", "{D96E5C49-CEC1-454E-A46A-0F98E8C86448}"
EndProject
Project("{FAE04EC0-301F-11D3-BF4B-00C04F79EFBC}") = "MidiGame", "MidiGame\MidiGame.csproj", "{0F788987-E35E-46C1-88FE-A601B6B39F41}"
EndProject
Project("{FAE04EC0-301F-11D3-BF4B-00C04F79EFBC}") = "MeltySynth", "MeltySynth\MeltySynth.csproj", "{1B8523FE-545E-4CCE-B246-23BE48CA4DB5}"
EndProject
Project("{FAE04EC0-301F-11D3-BF4B-00C04F79EFBC}") = "Nitro", "Nitro\Nitro.csproj", "{BC5175D2-3302-41B3-89AD-F5323512DF0A}"
EndProject
Project("{FAE04EC0-301F-11D3-BF4B-00C04F79EFBC}") = "Horror", "Horror\Horror.csproj", "{A6291C71-006B-4BE7-A9BB-04594EC1BA71}"
EndProject
Global
	GlobalSection(SolutionConfigurationPlatforms) = preSolution
		Debug|Any CPU = Debug|Any CPU
		Release|Any CPU = Release|Any CPU
	EndGlobalSection
	GlobalSection(ProjectConfigurationPlatforms) = postSolution
		{D90EDE87-DE77-4576-B6D3-C03B86501E87}.Debug|Any CPU.ActiveCfg = Debug|Any CPU
		{D90EDE87-DE77-4576-B6D3-C03B86501E87}.Debug|Any CPU.Build.0 = Debug|Any CPU
		{D90EDE87-DE77-4576-B6D3-C03B86501E87}.Release|Any CPU.ActiveCfg = Release|Any CPU
		{D90EDE87-DE77-4576-B6D3-C03B86501E87}.Release|Any CPU.Build.0 = Release|Any CPU
		{D4146EA6-F5D9-4A00-80C9-8D285198F41C}.Debug|Any CPU.ActiveCfg = Debug|Any CPU
		{D4146EA6-F5D9-4A00-80C9-8D285198F41C}.Debug|Any CPU.Build.0 = Debug|Any CPU
		{D4146EA6-F5D9-4A00-80C9-8D285198F41C}.Release|Any CPU.ActiveCfg = Release|Any CPU
		{D4146EA6-F5D9-4A00-80C9-8D285198F41C}.Release|Any CPU.Build.0 = Release|Any CPU
		{F66D9FB8-14C9-467D-B414-680462F58073}.Debug|Any CPU.ActiveCfg = Debug|Any CPU
		{F66D9FB8-14C9-467D-B414-680462F58073}.Debug|Any CPU.Build.0 = Debug|Any CPU
		{F66D9FB8-14C9-467D-B414-680462F58073}.Release|Any CPU.ActiveCfg = Release|Any CPU
		{F66D9FB8-14C9-467D-B414-680462F58073}.Release|Any CPU.Build.0 = Release|Any CPU
		{EA2A4A44-CDDE-4CE9-B605-85BBAE4D61A8}.Debug|Any CPU.ActiveCfg = Debug|Any CPU
		{EA2A4A44-CDDE-4CE9-B605-85BBAE4D61A8}.Debug|Any CPU.Build.0 = Debug|Any CPU
		{EA2A4A44-CDDE-4CE9-B605-85BBAE4D61A8}.Release|Any CPU.ActiveCfg = Release|Any CPU
		{EA2A4A44-CDDE-4CE9-B605-85BBAE4D61A8}.Release|Any CPU.Build.0 = Release|Any CPU
		{868E6448-D5C3-463D-AC47-C7A69CAEA6F7}.Debug|Any CPU.ActiveCfg = Debug|Any CPU
		{868E6448-D5C3-463D-AC47-C7A69CAEA6F7}.Debug|Any CPU.Build.0 = Debug|Any CPU
		{868E6448-D5C3-463D-AC47-C7A69CAEA6F7}.Release|Any CPU.ActiveCfg = Release|Any CPU
		{868E6448-D5C3-463D-AC47-C7A69CAEA6F7}.Release|Any CPU.Build.0 = Release|Any CPU
		{CDA47A4B-EC67-41CC-BA64-37EF587BD65A}.Debug|Any CPU.ActiveCfg = Debug|Any CPU
		{CDA47A4B-EC67-41CC-BA64-37EF587BD65A}.Debug|Any CPU.Build.0 = Debug|Any CPU
		{CDA47A4B-EC67-41CC-BA64-37EF587BD65A}.Release|Any CPU.ActiveCfg = Release|Any CPU
		{CDA47A4B-EC67-41CC-BA64-37EF587BD65A}.Release|Any CPU.Build.0 = Release|Any CPU
		{63C0C816-F422-4613-ABA5-C8D6945ECE94}.Debug|Any CPU.ActiveCfg = Debug|Any CPU
		{63C0C816-F422-4613-ABA5-C8D6945ECE94}.Debug|Any CPU.Build.0 = Debug|Any CPU
		{63C0C816-F422-4613-ABA5-C8D6945ECE94}.Release|Any CPU.ActiveCfg = Release|Any CPU
		{63C0C816-F422-4613-ABA5-C8D6945ECE94}.Release|Any CPU.Build.0 = Release|Any CPU
		{99A62E0B-375E-4F60-9FAF-E78957050D71}.Debug|Any CPU.ActiveCfg = Debug|Any CPU
		{99A62E0B-375E-4F60-9FAF-E78957050D71}.Debug|Any CPU.Build.0 = Debug|Any CPU
		{99A62E0B-375E-4F60-9FAF-E78957050D71}.Release|Any CPU.ActiveCfg = Release|Any CPU
		{99A62E0B-375E-4F60-9FAF-E78957050D71}.Release|Any CPU.Build.0 = Release|Any CPU
		{2388F3D8-3BF9-4EC6-8686-3FBCB6D140EC}.Debug|Any CPU.ActiveCfg = Debug|Any CPU
		{2388F3D8-3BF9-4EC6-8686-3FBCB6D140EC}.Debug|Any CPU.Build.0 = Debug|Any CPU
		{2388F3D8-3BF9-4EC6-8686-3FBCB6D140EC}.Release|Any CPU.ActiveCfg = Release|Any CPU
		{2388F3D8-3BF9-4EC6-8686-3FBCB6D140EC}.Release|Any CPU.Build.0 = Release|Any CPU
		{42F4DD89-6D97-4C6B-892C-4459FEC3CBD6}.Debug|Any CPU.ActiveCfg = Debug|Any CPU
		{42F4DD89-6D97-4C6B-892C-4459FEC3CBD6}.Debug|Any CPU.Build.0 = Debug|Any CPU
		{42F4DD89-6D97-4C6B-892C-4459FEC3CBD6}.Release|Any CPU.ActiveCfg = Release|Any CPU
		{42F4DD89-6D97-4C6B-892C-4459FEC3CBD6}.Release|Any CPU.Build.0 = Release|Any CPU
		{7C13B93F-BCDB-4291-A638-9AD1ECD77F1C}.Debug|Any CPU.ActiveCfg = Debug|Any CPU
		{7C13B93F-BCDB-4291-A638-9AD1ECD77F1C}.Debug|Any CPU.Build.0 = Debug|Any CPU
		{7C13B93F-BCDB-4291-A638-9AD1ECD77F1C}.Release|Any CPU.ActiveCfg = Release|Any CPU
		{7C13B93F-BCDB-4291-A638-9AD1ECD77F1C}.Release|Any CPU.Build.0 = Release|Any CPU
		{D96E5C49-CEC1-454E-A46A-0F98E8C86448}.Debug|Any CPU.ActiveCfg = Debug|Any CPU
		{D96E5C49-CEC1-454E-A46A-0F98E8C86448}.Debug|Any CPU.Build.0 = Debug|Any CPU
		{D96E5C49-CEC1-454E-A46A-0F98E8C86448}.Release|Any CPU.ActiveCfg = Release|Any CPU
		{D96E5C49-CEC1-454E-A46A-0F98E8C86448}.Release|Any CPU.Build.0 = Release|Any CPU
		{0F788987-E35E-46C1-88FE-A601B6B39F41}.Debug|Any CPU.ActiveCfg = Debug|Any CPU
		{0F788987-E35E-46C1-88FE-A601B6B39F41}.Debug|Any CPU.Build.0 = Debug|Any CPU
		{0F788987-E35E-46C1-88FE-A601B6B39F41}.Release|Any CPU.ActiveCfg = Release|Any CPU
		{0F788987-E35E-46C1-88FE-A601B6B39F41}.Release|Any CPU.Build.0 = Release|Any CPU
		{1B8523FE-545E-4CCE-B246-23BE48CA4DB5}.Debug|Any CPU.ActiveCfg = Debug|Any CPU
		{1B8523FE-545E-4CCE-B246-23BE48CA4DB5}.Debug|Any CPU.Build.0 = Debug|Any CPU
		{1B8523FE-545E-4CCE-B246-23BE48CA4DB5}.Release|Any CPU.ActiveCfg = Release|Any CPU
		{1B8523FE-545E-4CCE-B246-23BE48CA4DB5}.Release|Any CPU.Build.0 = Release|Any CPU
		{BC5175D2-3302-41B3-89AD-F5323512DF0A}.Debug|Any CPU.ActiveCfg = Debug|Any CPU
		{BC5175D2-3302-41B3-89AD-F5323512DF0A}.Debug|Any CPU.Build.0 = Debug|Any CPU
		{BC5175D2-3302-41B3-89AD-F5323512DF0A}.Release|Any CPU.ActiveCfg = Release|Any CPU
		{BC5175D2-3302-41B3-89AD-F5323512DF0A}.Release|Any CPU.Build.0 = Release|Any CPU
		{A6291C71-006B-4BE7-A9BB-04594EC1BA71}.Debug|Any CPU.ActiveCfg = Debug|Any CPU
		{A6291C71-006B-4BE7-A9BB-04594EC1BA71}.Debug|Any CPU.Build.0 = Debug|Any CPU
		{A6291C71-006B-4BE7-A9BB-04594EC1BA71}.Release|Any CPU.ActiveCfg = Release|Any CPU
		{A6291C71-006B-4BE7-A9BB-04594EC1BA71}.Release|Any CPU.Build.0 = Release|Any CPU
	EndGlobalSection
	GlobalSection(SolutionProperties) = preSolution
		HideSolutionNode = FALSE
	EndGlobalSection
	GlobalSection(ExtensibilityGlobals) = postSolution
		SolutionGuid = {6903B6B1-DB46-4BF2-B2D2-99819A08644B}
	EndGlobalSection
EndGlobal
